
Microsoft Visual Studio Solution File, Format Version 12.00
# Visual Studio 15
VisualStudioVersion = 15.0.26124.0
MinimumVisualStudioVersion = 15.0.26124.0
Project("{FAE04EC0-301F-11D3-BF4B-00C04F79EFBC}") = "ProAgil.Api", "ProAgil.Api\ProAgil.Api.csproj", "{125E0B88-43AA-4A0D-AE4C-C444C7CF2DB7}"
EndProject
Project("{FAE04EC0-301F-11D3-BF4B-00C04F79EFBC}") = "ProAgil.Dominio", "ProAgil.Dominio\ProAgil.Dominio.csproj", "{5DCDA54F-F714-4CCC-93EF-82D72B6F0FE0}"
EndProject
Project("{FAE04EC0-301F-11D3-BF4B-00C04F79EFBC}") = "ProAgil.Repositorio", "ProAgil.Repositorio\ProAgil.Repositorio.csproj", "{419A5F6D-83AC-4D25-919A-6EF9B0E628B6}"
EndProject
Global
	GlobalSection(SolutionConfigurationPlatforms) = preSolution
		Debug|Any CPU = Debug|Any CPU
		Debug|x64 = Debug|x64
		Debug|x86 = Debug|x86
		Release|Any CPU = Release|Any CPU
		Release|x64 = Release|x64
		Release|x86 = Release|x86
	EndGlobalSection
	GlobalSection(SolutionProperties) = preSolution
		HideSolutionNode = FALSE
	EndGlobalSection
	GlobalSection(ProjectConfigurationPlatforms) = postSolution
		{125E0B88-43AA-4A0D-AE4C-C444C7CF2DB7}.Debug|Any CPU.ActiveCfg = Debug|Any CPU
		{125E0B88-43AA-4A0D-AE4C-C444C7CF2DB7}.Debug|Any CPU.Build.0 = Debug|Any CPU
		{125E0B88-43AA-4A0D-AE4C-C444C7CF2DB7}.Debug|x64.ActiveCfg = Debug|Any CPU
		{125E0B88-43AA-4A0D-AE4C-C444C7CF2DB7}.Debug|x64.Build.0 = Debug|Any CPU
		{125E0B88-43AA-4A0D-AE4C-C444C7CF2DB7}.Debug|x86.ActiveCfg = Debug|Any CPU
		{125E0B88-43AA-4A0D-AE4C-C444C7CF2DB7}.Debug|x86.Build.0 = Debug|Any CPU
		{125E0B88-43AA-4A0D-AE4C-C444C7CF2DB7}.Release|Any CPU.ActiveCfg = Release|Any CPU
		{125E0B88-43AA-4A0D-AE4C-C444C7CF2DB7}.Release|Any CPU.Build.0 = Release|Any CPU
		{125E0B88-43AA-4A0D-AE4C-C444C7CF2DB7}.Release|x64.ActiveCfg = Release|Any CPU
		{125E0B88-43AA-4A0D-AE4C-C444C7CF2DB7}.Release|x64.Build.0 = Release|Any CPU
		{125E0B88-43AA-4A0D-AE4C-C444C7CF2DB7}.Release|x86.ActiveCfg = Release|Any CPU
		{125E0B88-43AA-4A0D-AE4C-C444C7CF2DB7}.Release|x86.Build.0 = Release|Any CPU
		{5DCDA54F-F714-4CCC-93EF-82D72B6F0FE0}.Debug|Any CPU.ActiveCfg = Debug|Any CPU
		{5DCDA54F-F714-4CCC-93EF-82D72B6F0FE0}.Debug|Any CPU.Build.0 = Debug|Any CPU
		{5DCDA54F-F714-4CCC-93EF-82D72B6F0FE0}.Debug|x64.ActiveCfg = Debug|Any CPU
		{5DCDA54F-F714-4CCC-93EF-82D72B6F0FE0}.Debug|x64.Build.0 = Debug|Any CPU
		{5DCDA54F-F714-4CCC-93EF-82D72B6F0FE0}.Debug|x86.ActiveCfg = Debug|Any CPU
		{5DCDA54F-F714-4CCC-93EF-82D72B6F0FE0}.Debug|x86.Build.0 = Debug|Any CPU
		{5DCDA54F-F714-4CCC-93EF-82D72B6F0FE0}.Release|Any CPU.ActiveCfg = Release|Any CPU
		{5DCDA54F-F714-4CCC-93EF-82D72B6F0FE0}.Release|Any CPU.Build.0 = Release|Any CPU
		{5DCDA54F-F714-4CCC-93EF-82D72B6F0FE0}.Release|x64.ActiveCfg = Release|Any CPU
		{5DCDA54F-F714-4CCC-93EF-82D72B6F0FE0}.Release|x64.Build.0 = Release|Any CPU
		{5DCDA54F-F714-4CCC-93EF-82D72B6F0FE0}.Release|x86.ActiveCfg = Release|Any CPU
		{5DCDA54F-F714-4CCC-93EF-82D72B6F0FE0}.Release|x86.Build.0 = Release|Any CPU
		{419A5F6D-83AC-4D25-919A-6EF9B0E628B6}.Debug|Any CPU.ActiveCfg = Debug|Any CPU
		{419A5F6D-83AC-4D25-919A-6EF9B0E628B6}.Debug|Any CPU.Build.0 = Debug|Any CPU
		{419A5F6D-83AC-4D25-919A-6EF9B0E628B6}.Debug|x64.ActiveCfg = Debug|Any CPU
		{419A5F6D-83AC-4D25-919A-6EF9B0E628B6}.Debug|x64.Build.0 = Debug|Any CPU
		{419A5F6D-83AC-4D25-919A-6EF9B0E628B6}.Debug|x86.ActiveCfg = Debug|Any CPU
		{419A5F6D-83AC-4D25-919A-6EF9B0E628B6}.Debug|x86.Build.0 = Debug|Any CPU
		{419A5F6D-83AC-4D25-919A-6EF9B0E628B6}.Release|Any CPU.ActiveCfg = Release|Any CPU
		{419A5F6D-83AC-4D25-919A-6EF9B0E628B6}.Release|Any CPU.Build.0 = Release|Any CPU
		{419A5F6D-83AC-4D25-919A-6EF9B0E628B6}.Release|x64.ActiveCfg = Release|Any CPU
		{419A5F6D-83AC-4D25-919A-6EF9B0E628B6}.Release|x64.Build.0 = Release|Any CPU
		{419A5F6D-83AC-4D25-919A-6EF9B0E628B6}.Release|x86.ActiveCfg = Release|Any CPU
		{419A5F6D-83AC-4D25-919A-6EF9B0E628B6}.Release|x86.Build.0 = Release|Any CPU
	EndGlobalSection
EndGlobal
